
Microsoft Visual Studio Solution File, Format Version 12.00
# Visual Studio Version 17
VisualStudioVersion = 17.12.35707.178
MinimumVisualStudioVersion = 10.0.40219.1
Project("{FAE04EC0-301F-11D3-BF4B-00C04F79EFBC}") = "AdminLTE.MVC", "AdminLTE.MVC\AdminLTE.MVC.csproj", "{BF1FAFBC-3239-442A-90A0-477E8A567981}"
EndProject
Project("{FAE04EC0-301F-11D3-BF4B-00C04F79EFBC}") = "PermissionBasedAuthorizationIntDotNet5", "..\PermissionBasedAuthorizationIntDotNet5\PermissionBasedAuthorizationIntDotNet5\PermissionBasedAuthorizationIntDotNet5.csproj", "{7A425718-B393-472C-BC3C-C73DCBA5271B}"
EndProject
Project("{FAE04EC0-301F-11D3-BF4B-00C04F79EFBC}") = "UserManagementWithIdentity", "..\UserManagementWithIdentity\UserManagementWithIdentity\UserManagementWithIdentity.csproj", "{DEDF5401-4442-4B56-9A93-942E2BC8D80D}"
EndProject
Project("{FAE04EC0-301F-11D3-BF4B-00C04F79EFBC}") = "WebAppDESA", "..\WebApplicationDesa\WebApplication1\WebAppDESA.csproj", "{B89B8284-08EF-447A-8622-636D82FFD1BF}"
EndProject
Global
	GlobalSection(SolutionConfigurationPlatforms) = preSolution
		Debug|Any CPU = Debug|Any CPU
		Release|Any CPU = Release|Any CPU
	EndGlobalSection
	GlobalSection(ProjectConfigurationPlatforms) = postSolution
		{BF1FAFBC-3239-442A-90A0-477E8A567981}.Debug|Any CPU.ActiveCfg = Debug|Any CPU
		{BF1FAFBC-3239-442A-90A0-477E8A567981}.Debug|Any CPU.Build.0 = Debug|Any CPU
		{BF1FAFBC-3239-442A-90A0-477E8A567981}.Release|Any CPU.ActiveCfg = Release|Any CPU
		{BF1FAFBC-3239-442A-90A0-477E8A567981}.Release|Any CPU.Build.0 = Release|Any CPU
		{7A425718-B393-472C-BC3C-C73DCBA5271B}.Debug|Any CPU.ActiveCfg = Debug|Any CPU
		{7A425718-B393-472C-BC3C-C73DCBA5271B}.Debug|Any CPU.Build.0 = Debug|Any CPU
		{7A425718-B393-472C-BC3C-C73DCBA5271B}.Release|Any CPU.ActiveCfg = Release|Any CPU
		{7A425718-B393-472C-BC3C-C73DCBA5271B}.Release|Any CPU.Build.0 = Release|Any CPU
		{DEDF5401-4442-4B56-9A93-942E2BC8D80D}.Debug|Any CPU.ActiveCfg = Debug|Any CPU
		{DEDF5401-4442-4B56-9A93-942E2BC8D80D}.Debug|Any CPU.Build.0 = Debug|Any CPU
		{DEDF5401-4442-4B56-9A93-942E2BC8D80D}.Release|Any CPU.ActiveCfg = Release|Any CPU
		{DEDF5401-4442-4B56-9A93-942E2BC8D80D}.Release|Any CPU.Build.0 = Release|Any CPU
		{B89B8284-08EF-447A-8622-636D82FFD1BF}.Debug|Any CPU.ActiveCfg = Debug|Any CPU
		{B89B8284-08EF-447A-8622-636D82FFD1BF}.Debug|Any CPU.Build.0 = Debug|Any CPU
		{B89B8284-08EF-447A-8622-636D82FFD1BF}.Release|Any CPU.ActiveCfg = Release|Any CPU
		{B89B8284-08EF-447A-8622-636D82FFD1BF}.Release|Any CPU.Build.0 = Release|Any CPU
	EndGlobalSection
	GlobalSection(SolutionProperties) = preSolution
		HideSolutionNode = FALSE
	EndGlobalSection
	GlobalSection(ExtensibilityGlobals) = postSolution
		SolutionGuid = {985E14CA-B56E-44BC-8CB2-88A2575BFA6C}
	EndGlobalSection
EndGlobal
